// !$*UTF8*$!
{
	archiveVersion = 1;
	classes = {
	};
	objectVersion = 56;
	objects = {

/* Begin PBXBuildFile section */
		880DCC242B7050EC00CF56ED /* AppDelegate.swift in Sources */ = {isa = PBXBuildFile; fileRef = 880DCC232B7050EC00CF56ED /* AppDelegate.swift */; };
		880DCC272B7051DB00CF56ED /* FirebaseAnalytics in Frameworks */ = {isa = PBXBuildFile; productRef = 880DCC262B7051DB00CF56ED /* FirebaseAnalytics */; };
		880DCC292B7051DB00CF56ED /* FirebaseAuth in Frameworks */ = {isa = PBXBuildFile; productRef = 880DCC282B7051DB00CF56ED /* FirebaseAuth */; };
		880DCC2B2B7051DB00CF56ED /* FirebaseCrashlytics in Frameworks */ = {isa = PBXBuildFile; productRef = 880DCC2A2B7051DB00CF56ED /* FirebaseCrashlytics */; };
		880DCC2D2B7053C100CF56ED /* GoogleService-Info.plist in Resources */ = {isa = PBXBuildFile; fileRef = 880DCC2C2B7053C100CF56ED /* GoogleService-Info.plist */; };
		880DCC302B70546200CF56ED /* Validations.swift in Sources */ = {isa = PBXBuildFile; fileRef = 880DCC2F2B70546200CF56ED /* Validations.swift */; };
		880F34E92B705B0400D6C789 /* ActivityIndicatorView.swift in Sources */ = {isa = PBXBuildFile; fileRef = 880F34E82B705B0400D6C789 /* ActivityIndicatorView.swift */; };
		880F34EC2B7167B600D6C789 /* FirebaseService.swift in Sources */ = {isa = PBXBuildFile; fileRef = 880F34EB2B7167B600D6C789 /* FirebaseService.swift */; };
		880F34EE2B7167C700D6C789 /* FirebaseServiceProtocol.swift in Sources */ = {isa = PBXBuildFile; fileRef = 880F34ED2B7167C700D6C789 /* FirebaseServiceProtocol.swift */; };
		880F34F22B723F9800D6C789 /* ToastView.swift in Sources */ = {isa = PBXBuildFile; fileRef = 880F34F12B723F9800D6C789 /* ToastView.swift */; };
		880F34F42B7240C900D6C789 /* TipStyles.swift in Sources */ = {isa = PBXBuildFile; fileRef = 880F34F32B7240C900D6C789 /* TipStyles.swift */; };
		880F34F62B73730900D6C789 /* UserModel.swift in Sources */ = {isa = PBXBuildFile; fileRef = 880F34F52B73730900D6C789 /* UserModel.swift */; };
		880F34F82B7374B700D6C789 /* SignUpType.swift in Sources */ = {isa = PBXBuildFile; fileRef = 880F34F72B7374B700D6C789 /* SignUpType.swift */; };
		880F34FA2B73767600D6C789 /* Utilities.swift in Sources */ = {isa = PBXBuildFile; fileRef = 880F34F92B73767600D6C789 /* Utilities.swift */; };
		8844737A2B6D9943001E347A /* TooBudgetApp.swift in Sources */ = {isa = PBXBuildFile; fileRef = 884473792B6D9943001E347A /* TooBudgetApp.swift */; };
		8844737E2B6D9944001E347A /* Assets.xcassets in Resources */ = {isa = PBXBuildFile; fileRef = 8844737D2B6D9944001E347A /* Assets.xcassets */; };
		884473822B6D9944001E347A /* Preview Assets.xcassets in Resources */ = {isa = PBXBuildFile; fileRef = 884473812B6D9944001E347A /* Preview Assets.xcassets */; };
		8844738A2B6D9DBD001E347A /* Launch Screen.storyboard in Resources */ = {isa = PBXBuildFile; fileRef = 884473892B6D9DBD001E347A /* Launch Screen.storyboard */; };
		8898F5002B6DBDF300C3C86A /* AppCoordinator.swift in Sources */ = {isa = PBXBuildFile; fileRef = 8898F4FF2B6DBDF300C3C86A /* AppCoordinator.swift */; };
		8898F5042B6DBEC500C3C86A /* Views.swift in Sources */ = {isa = PBXBuildFile; fileRef = 8898F5032B6DBEC500C3C86A /* Views.swift */; };
		8898F5062B6DBF3A00C3C86A /* LandingView.swift in Sources */ = {isa = PBXBuildFile; fileRef = 8898F5052B6DBF3A00C3C86A /* LandingView.swift */; };
		8898F5082B6DBF4800C3C86A /* LandingViewModel.swift in Sources */ = {isa = PBXBuildFile; fileRef = 8898F5072B6DBF4800C3C86A /* LandingViewModel.swift */; };
		8898F50A2B6DBF5400C3C86A /* LandingCoordinator.swift in Sources */ = {isa = PBXBuildFile; fileRef = 8898F5092B6DBF5400C3C86A /* LandingCoordinator.swift */; };
		8898F50C2B6DBF6200C3C86A /* HomeView.swift in Sources */ = {isa = PBXBuildFile; fileRef = 8898F50B2B6DBF6200C3C86A /* HomeView.swift */; };
		8898F50E2B6DBF7000C3C86A /* HomeViewModel.swift in Sources */ = {isa = PBXBuildFile; fileRef = 8898F50D2B6DBF7000C3C86A /* HomeViewModel.swift */; };
		8898F5102B6DBF7A00C3C86A /* HomeCoordinator.swift in Sources */ = {isa = PBXBuildFile; fileRef = 8898F50F2B6DBF7A00C3C86A /* HomeCoordinator.swift */; };
		8898F5132B6DC03B00C3C86A /* ViewModelProtocol.swift in Sources */ = {isa = PBXBuildFile; fileRef = 8898F5122B6DC03B00C3C86A /* ViewModelProtocol.swift */; };
		8898F5152B6DC04300C3C86A /* CoordinatorProtocol.swift in Sources */ = {isa = PBXBuildFile; fileRef = 8898F5142B6DC04300C3C86A /* CoordinatorProtocol.swift */; };
		8898F51D2B6DCC7600C3C86A /* TooBudgetTests.swift in Sources */ = {isa = PBXBuildFile; fileRef = 8898F51C2B6DCC7600C3C86A /* TooBudgetTests.swift */; };
		8898F52A2B6DCCBD00C3C86A /* TooBudgetUITests.swift in Sources */ = {isa = PBXBuildFile; fileRef = 8898F5292B6DCCBD00C3C86A /* TooBudgetUITests.swift */; };
		8898F52C2B6DCCBD00C3C86A /* TooBudgetUITestsLaunchTests.swift in Sources */ = {isa = PBXBuildFile; fileRef = 8898F52B2B6DCCBD00C3C86A /* TooBudgetUITestsLaunchTests.swift */; };
		8898F5342B6DDFB600C3C86A /* ImageSliderView.swift in Sources */ = {isa = PBXBuildFile; fileRef = 8898F5332B6DDFB600C3C86A /* ImageSliderView.swift */; };
		8898F5372B6DE0E300C3C86A /* Constants.swift in Sources */ = {isa = PBXBuildFile; fileRef = 8898F5362B6DE0E300C3C86A /* Constants.swift */; };
		8898F5392B6DE19900C3C86A /* TitleAndSubtitleView.swift in Sources */ = {isa = PBXBuildFile; fileRef = 8898F5382B6DE19900C3C86A /* TitleAndSubtitleView.swift */; };
		8898F53C2B6DE24D00C3C86A /* TextFieldStyles.swift in Sources */ = {isa = PBXBuildFile; fileRef = 8898F53B2B6DE24D00C3C86A /* TextFieldStyles.swift */; };
		8898F53E2B6DE2B600C3C86A /* GroupTextFieldStyle.swift in Sources */ = {isa = PBXBuildFile; fileRef = 8898F53D2B6DE2B600C3C86A /* GroupTextFieldStyle.swift */; };
		8898F5402B6DE32400C3C86A /* TextStyles.swift in Sources */ = {isa = PBXBuildFile; fileRef = 8898F53F2B6DE32400C3C86A /* TextStyles.swift */; };
		8898F5422B6DEC6500C3C86A /* Localizable.xcstrings in Resources */ = {isa = PBXBuildFile; fileRef = 8898F5412B6DEC6500C3C86A /* Localizable.xcstrings */; };
		8898F5442B6DEE2F00C3C86A /* ButtonStyles.swift in Sources */ = {isa = PBXBuildFile; fileRef = 8898F5432B6DEE2F00C3C86A /* ButtonStyles.swift */; };
		8898F5462B6DEEEC00C3C86A /* SocialMediaAccesView.swift in Sources */ = {isa = PBXBuildFile; fileRef = 8898F5452B6DEEEC00C3C86A /* SocialMediaAccesView.swift */; };
		8898F5482B6DEF7B00C3C86A /* ShapeStyles.swift in Sources */ = {isa = PBXBuildFile; fileRef = 8898F5472B6DEF7B00C3C86A /* ShapeStyles.swift */; };
		8898F54A2B6DEFE900C3C86A /* VersionBuildView.swift in Sources */ = {isa = PBXBuildFile; fileRef = 8898F5492B6DEFE900C3C86A /* VersionBuildView.swift */; };
		88C842EF2B6E8A90009BB0BE /* SignInView.swift in Sources */ = {isa = PBXBuildFile; fileRef = 88C842EE2B6E8A90009BB0BE /* SignInView.swift */; };
		88C842F12B6E8AA2009BB0BE /* SignInViewModel.swift in Sources */ = {isa = PBXBuildFile; fileRef = 88C842F02B6E8AA2009BB0BE /* SignInViewModel.swift */; };
		88C842F32B6E8CAC009BB0BE /* CloseButtonView.swift in Sources */ = {isa = PBXBuildFile; fileRef = 88C842F22B6E8CAC009BB0BE /* CloseButtonView.swift */; };
		88C842F52B6F2B30009BB0BE /* ToggleStyles.swift in Sources */ = {isa = PBXBuildFile; fileRef = 88C842F42B6F2B30009BB0BE /* ToggleStyles.swift */; };
		88C843122B700D1C009BB0BE /* SignUpViewModel.swift in Sources */ = {isa = PBXBuildFile; fileRef = 88C843112B700D1C009BB0BE /* SignUpViewModel.swift */; };
		88C843142B700D31009BB0BE /* SignUpView.swift in Sources */ = {isa = PBXBuildFile; fileRef = 88C843132B700D31009BB0BE /* SignUpView.swift */; };
		88C843162B700D40009BB0BE /* ForgotView.swift in Sources */ = {isa = PBXBuildFile; fileRef = 88C843152B700D40009BB0BE /* ForgotView.swift */; };
		88C843182B700D55009BB0BE /* ForgotViewModel.swift in Sources */ = {isa = PBXBuildFile; fileRef = 88C843172B700D55009BB0BE /* ForgotViewModel.swift */; };
		88C8431A2B702863009BB0BE /* HaveAccountView.swift in Sources */ = {isa = PBXBuildFile; fileRef = 88C843192B702863009BB0BE /* HaveAccountView.swift */; };
		88D9F06E2B73F2AD006E7133 /* DataService.swift in Sources */ = {isa = PBXBuildFile; fileRef = 88D9F06D2B73F2AD006E7133 /* DataService.swift */; };
		88D9F0702B73F322006E7133 /* DataSeviceError.swift in Sources */ = {isa = PBXBuildFile; fileRef = 88D9F06F2B73F322006E7133 /* DataSeviceError.swift */; };
		88D9F0722B73F33E006E7133 /* TooBudgetDataBaseProtocol.swift in Sources */ = {isa = PBXBuildFile; fileRef = 88D9F0712B73F33E006E7133 /* TooBudgetDataBaseProtocol.swift */; };
		88D9F0742B740C49006E7133 /* BudgetModel.swift in Sources */ = {isa = PBXBuildFile; fileRef = 88D9F0732B740C49006E7133 /* BudgetModel.swift */; };
		88D9F0762B740CE4006E7133 /* BudgetType.swift in Sources */ = {isa = PBXBuildFile; fileRef = 88D9F0752B740CE4006E7133 /* BudgetType.swift */; };
		88D9F0BC2B755039006E7133 /* UserRepository.swift in Sources */ = {isa = PBXBuildFile; fileRef = 88D9F0BB2B755039006E7133 /* UserRepository.swift */; };
		88D9F0BE2B75916C006E7133 /* BudgetView.swift in Sources */ = {isa = PBXBuildFile; fileRef = 88D9F0BD2B75916C006E7133 /* BudgetView.swift */; };
		88D9F0C02B759C5F006E7133 /* BudgetViewModel.swift in Sources */ = {isa = PBXBuildFile; fileRef = 88D9F0BF2B759C5F006E7133 /* BudgetViewModel.swift */; };
		88D9F0C22B759C70006E7133 /* BudgetCoordinator.swift in Sources */ = {isa = PBXBuildFile; fileRef = 88D9F0C12B759C70006E7133 /* BudgetCoordinator.swift */; };
/* End PBXBuildFile section */

/* Begin PBXContainerItemProxy section */
		8898F51E2B6DCC7600C3C86A /* PBXContainerItemProxy */ = {
			isa = PBXContainerItemProxy;
			containerPortal = 8844736E2B6D9943001E347A /* Project object */;
			proxyType = 1;
			remoteGlobalIDString = 884473752B6D9943001E347A;
			remoteInfo = TooBudget;
		};
		8898F52D2B6DCCBD00C3C86A /* PBXContainerItemProxy */ = {
			isa = PBXContainerItemProxy;
			containerPortal = 8844736E2B6D9943001E347A /* Project object */;
			proxyType = 1;
			remoteGlobalIDString = 884473752B6D9943001E347A;
			remoteInfo = TooBudget;
		};
/* End PBXContainerItemProxy section */

/* Begin PBXFileReference section */
		880DCC232B7050EC00CF56ED /* AppDelegate.swift */ = {isa = PBXFileReference; lastKnownFileType = sourcecode.swift; path = AppDelegate.swift; sourceTree = "<group>"; };
		880DCC2C2B7053C100CF56ED /* GoogleService-Info.plist */ = {isa = PBXFileReference; lastKnownFileType = text.plist.xml; path = "GoogleService-Info.plist"; sourceTree = "<group>"; };
		880DCC2F2B70546200CF56ED /* Validations.swift */ = {isa = PBXFileReference; lastKnownFileType = sourcecode.swift; path = Validations.swift; sourceTree = "<group>"; };
		880F34E82B705B0400D6C789 /* ActivityIndicatorView.swift */ = {isa = PBXFileReference; lastKnownFileType = sourcecode.swift; path = ActivityIndicatorView.swift; sourceTree = "<group>"; };
		880F34EB2B7167B600D6C789 /* FirebaseService.swift */ = {isa = PBXFileReference; lastKnownFileType = sourcecode.swift; path = FirebaseService.swift; sourceTree = "<group>"; };
		880F34ED2B7167C700D6C789 /* FirebaseServiceProtocol.swift */ = {isa = PBXFileReference; lastKnownFileType = sourcecode.swift; path = FirebaseServiceProtocol.swift; sourceTree = "<group>"; };
		880F34F12B723F9800D6C789 /* ToastView.swift */ = {isa = PBXFileReference; lastKnownFileType = sourcecode.swift; path = ToastView.swift; sourceTree = "<group>"; };
		880F34F32B7240C900D6C789 /* TipStyles.swift */ = {isa = PBXFileReference; lastKnownFileType = sourcecode.swift; path = TipStyles.swift; sourceTree = "<group>"; };
		880F34F52B73730900D6C789 /* UserModel.swift */ = {isa = PBXFileReference; lastKnownFileType = sourcecode.swift; path = UserModel.swift; sourceTree = "<group>"; };
		880F34F72B7374B700D6C789 /* SignUpType.swift */ = {isa = PBXFileReference; lastKnownFileType = sourcecode.swift; path = SignUpType.swift; sourceTree = "<group>"; };
		880F34F92B73767600D6C789 /* Utilities.swift */ = {isa = PBXFileReference; lastKnownFileType = sourcecode.swift; path = Utilities.swift; sourceTree = "<group>"; };
		884473762B6D9943001E347A /* TooBudget.app */ = {isa = PBXFileReference; explicitFileType = wrapper.application; includeInIndex = 0; path = TooBudget.app; sourceTree = BUILT_PRODUCTS_DIR; };
		884473792B6D9943001E347A /* TooBudgetApp.swift */ = {isa = PBXFileReference; lastKnownFileType = sourcecode.swift; path = TooBudgetApp.swift; sourceTree = "<group>"; };
		8844737D2B6D9944001E347A /* Assets.xcassets */ = {isa = PBXFileReference; lastKnownFileType = folder.assetcatalog; path = Assets.xcassets; sourceTree = "<group>"; };
		8844737F2B6D9944001E347A /* TooBudget.entitlements */ = {isa = PBXFileReference; lastKnownFileType = text.plist.entitlements; path = TooBudget.entitlements; sourceTree = "<group>"; };
		884473812B6D9944001E347A /* Preview Assets.xcassets */ = {isa = PBXFileReference; lastKnownFileType = folder.assetcatalog; path = "Preview Assets.xcassets"; sourceTree = "<group>"; };
		884473892B6D9DBD001E347A /* Launch Screen.storyboard */ = {isa = PBXFileReference; lastKnownFileType = file.storyboard; path = "Launch Screen.storyboard"; sourceTree = "<group>"; };
		8898F4FF2B6DBDF300C3C86A /* AppCoordinator.swift */ = {isa = PBXFileReference; lastKnownFileType = sourcecode.swift; path = AppCoordinator.swift; sourceTree = "<group>"; };
		8898F5032B6DBEC500C3C86A /* Views.swift */ = {isa = PBXFileReference; lastKnownFileType = sourcecode.swift; path = Views.swift; sourceTree = "<group>"; };
		8898F5052B6DBF3A00C3C86A /* LandingView.swift */ = {isa = PBXFileReference; lastKnownFileType = sourcecode.swift; path = LandingView.swift; sourceTree = "<group>"; };
		8898F5072B6DBF4800C3C86A /* LandingViewModel.swift */ = {isa = PBXFileReference; lastKnownFileType = sourcecode.swift; path = LandingViewModel.swift; sourceTree = "<group>"; };
		8898F5092B6DBF5400C3C86A /* LandingCoordinator.swift */ = {isa = PBXFileReference; lastKnownFileType = sourcecode.swift; path = LandingCoordinator.swift; sourceTree = "<group>"; };
		8898F50B2B6DBF6200C3C86A /* HomeView.swift */ = {isa = PBXFileReference; lastKnownFileType = sourcecode.swift; path = HomeView.swift; sourceTree = "<group>"; };
		8898F50D2B6DBF7000C3C86A /* HomeViewModel.swift */ = {isa = PBXFileReference; lastKnownFileType = sourcecode.swift; path = HomeViewModel.swift; sourceTree = "<group>"; };
		8898F50F2B6DBF7A00C3C86A /* HomeCoordinator.swift */ = {isa = PBXFileReference; lastKnownFileType = sourcecode.swift; path = HomeCoordinator.swift; sourceTree = "<group>"; };
		8898F5122B6DC03B00C3C86A /* ViewModelProtocol.swift */ = {isa = PBXFileReference; lastKnownFileType = sourcecode.swift; path = ViewModelProtocol.swift; sourceTree = "<group>"; };
		8898F5142B6DC04300C3C86A /* CoordinatorProtocol.swift */ = {isa = PBXFileReference; lastKnownFileType = sourcecode.swift; path = CoordinatorProtocol.swift; sourceTree = "<group>"; };
		8898F51A2B6DCC7600C3C86A /* TooBudgetTests.xctest */ = {isa = PBXFileReference; explicitFileType = wrapper.cfbundle; includeInIndex = 0; path = TooBudgetTests.xctest; sourceTree = BUILT_PRODUCTS_DIR; };
		8898F51C2B6DCC7600C3C86A /* TooBudgetTests.swift */ = {isa = PBXFileReference; lastKnownFileType = sourcecode.swift; path = TooBudgetTests.swift; sourceTree = "<group>"; };
		8898F5272B6DCCBD00C3C86A /* TooBudgetUITests.xctest */ = {isa = PBXFileReference; explicitFileType = wrapper.cfbundle; includeInIndex = 0; path = TooBudgetUITests.xctest; sourceTree = BUILT_PRODUCTS_DIR; };
		8898F5292B6DCCBD00C3C86A /* TooBudgetUITests.swift */ = {isa = PBXFileReference; lastKnownFileType = sourcecode.swift; path = TooBudgetUITests.swift; sourceTree = "<group>"; };
		8898F52B2B6DCCBD00C3C86A /* TooBudgetUITestsLaunchTests.swift */ = {isa = PBXFileReference; lastKnownFileType = sourcecode.swift; path = TooBudgetUITestsLaunchTests.swift; sourceTree = "<group>"; };
		8898F5332B6DDFB600C3C86A /* ImageSliderView.swift */ = {isa = PBXFileReference; lastKnownFileType = sourcecode.swift; path = ImageSliderView.swift; sourceTree = "<group>"; };
		8898F5362B6DE0E300C3C86A /* Constants.swift */ = {isa = PBXFileReference; lastKnownFileType = sourcecode.swift; path = Constants.swift; sourceTree = "<group>"; };
		8898F5382B6DE19900C3C86A /* TitleAndSubtitleView.swift */ = {isa = PBXFileReference; lastKnownFileType = sourcecode.swift; path = TitleAndSubtitleView.swift; sourceTree = "<group>"; };
		8898F53B2B6DE24D00C3C86A /* TextFieldStyles.swift */ = {isa = PBXFileReference; lastKnownFileType = sourcecode.swift; path = TextFieldStyles.swift; sourceTree = "<group>"; };
		8898F53D2B6DE2B600C3C86A /* GroupTextFieldStyle.swift */ = {isa = PBXFileReference; lastKnownFileType = sourcecode.swift; path = GroupTextFieldStyle.swift; sourceTree = "<group>"; };
		8898F53F2B6DE32400C3C86A /* TextStyles.swift */ = {isa = PBXFileReference; lastKnownFileType = sourcecode.swift; path = TextStyles.swift; sourceTree = "<group>"; };
		8898F5412B6DEC6500C3C86A /* Localizable.xcstrings */ = {isa = PBXFileReference; lastKnownFileType = text.json.xcstrings; path = Localizable.xcstrings; sourceTree = "<group>"; };
		8898F5432B6DEE2F00C3C86A /* ButtonStyles.swift */ = {isa = PBXFileReference; lastKnownFileType = sourcecode.swift; path = ButtonStyles.swift; sourceTree = "<group>"; };
		8898F5452B6DEEEC00C3C86A /* SocialMediaAccesView.swift */ = {isa = PBXFileReference; lastKnownFileType = sourcecode.swift; path = SocialMediaAccesView.swift; sourceTree = "<group>"; };
		8898F5472B6DEF7B00C3C86A /* ShapeStyles.swift */ = {isa = PBXFileReference; lastKnownFileType = sourcecode.swift; path = ShapeStyles.swift; sourceTree = "<group>"; };
		8898F5492B6DEFE900C3C86A /* VersionBuildView.swift */ = {isa = PBXFileReference; lastKnownFileType = sourcecode.swift; path = VersionBuildView.swift; sourceTree = "<group>"; };
		88C842ED2B6E0E46009BB0BE /* Info.plist */ = {isa = PBXFileReference; lastKnownFileType = text.plist; path = Info.plist; sourceTree = "<group>"; };
		88C842EE2B6E8A90009BB0BE /* SignInView.swift */ = {isa = PBXFileReference; lastKnownFileType = sourcecode.swift; path = SignInView.swift; sourceTree = "<group>"; };
		88C842F02B6E8AA2009BB0BE /* SignInViewModel.swift */ = {isa = PBXFileReference; lastKnownFileType = sourcecode.swift; path = SignInViewModel.swift; sourceTree = "<group>"; };
		88C842F22B6E8CAC009BB0BE /* CloseButtonView.swift */ = {isa = PBXFileReference; lastKnownFileType = sourcecode.swift; path = CloseButtonView.swift; sourceTree = "<group>"; };
		88C842F42B6F2B30009BB0BE /* ToggleStyles.swift */ = {isa = PBXFileReference; lastKnownFileType = sourcecode.swift; path = ToggleStyles.swift; sourceTree = "<group>"; };
		88C843112B700D1C009BB0BE /* SignUpViewModel.swift */ = {isa = PBXFileReference; lastKnownFileType = sourcecode.swift; path = SignUpViewModel.swift; sourceTree = "<group>"; };
		88C843132B700D31009BB0BE /* SignUpView.swift */ = {isa = PBXFileReference; lastKnownFileType = sourcecode.swift; path = SignUpView.swift; sourceTree = "<group>"; };
		88C843152B700D40009BB0BE /* ForgotView.swift */ = {isa = PBXFileReference; lastKnownFileType = sourcecode.swift; path = ForgotView.swift; sourceTree = "<group>"; };
		88C843172B700D55009BB0BE /* ForgotViewModel.swift */ = {isa = PBXFileReference; lastKnownFileType = sourcecode.swift; path = ForgotViewModel.swift; sourceTree = "<group>"; };
		88C843192B702863009BB0BE /* HaveAccountView.swift */ = {isa = PBXFileReference; lastKnownFileType = sourcecode.swift; path = HaveAccountView.swift; sourceTree = "<group>"; };
		88D9F06D2B73F2AD006E7133 /* DataService.swift */ = {isa = PBXFileReference; lastKnownFileType = sourcecode.swift; path = DataService.swift; sourceTree = "<group>"; };
		88D9F06F2B73F322006E7133 /* DataSeviceError.swift */ = {isa = PBXFileReference; lastKnownFileType = sourcecode.swift; path = DataSeviceError.swift; sourceTree = "<group>"; };
		88D9F0712B73F33E006E7133 /* TooBudgetDataBaseProtocol.swift */ = {isa = PBXFileReference; lastKnownFileType = sourcecode.swift; path = TooBudgetDataBaseProtocol.swift; sourceTree = "<group>"; };
		88D9F0732B740C49006E7133 /* BudgetModel.swift */ = {isa = PBXFileReference; lastKnownFileType = sourcecode.swift; path = BudgetModel.swift; sourceTree = "<group>"; };
		88D9F0752B740CE4006E7133 /* BudgetType.swift */ = {isa = PBXFileReference; lastKnownFileType = sourcecode.swift; path = BudgetType.swift; sourceTree = "<group>"; };
		88D9F0BB2B755039006E7133 /* UserRepository.swift */ = {isa = PBXFileReference; lastKnownFileType = sourcecode.swift; path = UserRepository.swift; sourceTree = "<group>"; };
		88D9F0BD2B75916C006E7133 /* BudgetView.swift */ = {isa = PBXFileReference; lastKnownFileType = sourcecode.swift; path = BudgetView.swift; sourceTree = "<group>"; };
		88D9F0BF2B759C5F006E7133 /* BudgetViewModel.swift */ = {isa = PBXFileReference; lastKnownFileType = sourcecode.swift; path = BudgetViewModel.swift; sourceTree = "<group>"; };
		88D9F0C12B759C70006E7133 /* BudgetCoordinator.swift */ = {isa = PBXFileReference; lastKnownFileType = sourcecode.swift; path = BudgetCoordinator.swift; sourceTree = "<group>"; };
/* End PBXFileReference section */

/* Begin PBXFrameworksBuildPhase section */
		884473732B6D9943001E347A /* Frameworks */ = {
			isa = PBXFrameworksBuildPhase;
			buildActionMask = 2147483647;
			files = (
				880DCC2B2B7051DB00CF56ED /* FirebaseCrashlytics in Frameworks */,
				880DCC272B7051DB00CF56ED /* FirebaseAnalytics in Frameworks */,
				880DCC292B7051DB00CF56ED /* FirebaseAuth in Frameworks */,
			);
			runOnlyForDeploymentPostprocessing = 0;
		};
		8898F5172B6DCC7600C3C86A /* Frameworks */ = {
			isa = PBXFrameworksBuildPhase;
			buildActionMask = 2147483647;
			files = (
			);
			runOnlyForDeploymentPostprocessing = 0;
		};
		8898F5242B6DCCBD00C3C86A /* Frameworks */ = {
			isa = PBXFrameworksBuildPhase;
			buildActionMask = 2147483647;
			files = (
			);
			runOnlyForDeploymentPostprocessing = 0;
		};
/* End PBXFrameworksBuildPhase section */

/* Begin PBXGroup section */
		880DCC2E2B70541600CF56ED /* Utilities */ = {
			isa = PBXGroup;
			children = (
				880DCC2F2B70546200CF56ED /* Validations.swift */,
				880F34F92B73767600D6C789 /* Utilities.swift */,
			);
			path = Utilities;
			sourceTree = "<group>";
		};
		880F34EA2B71679B00D6C789 /* Services */ = {
			isa = PBXGroup;
			children = (
				88D9F06D2B73F2AD006E7133 /* DataService.swift */,
				880F34EB2B7167B600D6C789 /* FirebaseService.swift */,
			);
			path = Services;
			sourceTree = "<group>";
		};
		8844736D2B6D9943001E347A = {
			isa = PBXGroup;
			children = (
				884473782B6D9943001E347A /* TooBudget */,
				8898F51B2B6DCC7600C3C86A /* TooBudgetTests */,
				8898F5282B6DCCBD00C3C86A /* TooBudgetUITests */,
				884473772B6D9943001E347A /* Products */,
			);
			sourceTree = "<group>";
		};
		884473772B6D9943001E347A /* Products */ = {
			isa = PBXGroup;
			children = (
				884473762B6D9943001E347A /* TooBudget.app */,
				8898F51A2B6DCC7600C3C86A /* TooBudgetTests.xctest */,
				8898F5272B6DCCBD00C3C86A /* TooBudgetUITests.xctest */,
			);
			name = Products;
			sourceTree = "<group>";
		};
		884473782B6D9943001E347A /* TooBudget */ = {
			isa = PBXGroup;
			children = (
				88C842ED2B6E0E46009BB0BE /* Info.plist */,
				884473792B6D9943001E347A /* TooBudgetApp.swift */,
				8898F4FF2B6DBDF300C3C86A /* AppCoordinator.swift */,
				880DCC232B7050EC00CF56ED /* AppDelegate.swift */,
				8898F5012B6DBE9300C3C86A /* Model */,
				884473882B6D9DB4001E347A /* View */,
				8898F4FD2B6DBAD000C3C86A /* ViewModel */,
				8898F4FE2B6DBADC00C3C86A /* Coordinator */,
				8898F5022B6DBE9800C3C86A /* Enumerations */,
				8898F5112B6DC02700C3C86A /* Protocols */,
				8898F5322B6DDF1A00C3C86A /* UI Components */,
				8898F5352B6DE0CF00C3C86A /* Constants */,
				8898F53A2B6DE1DC00C3C86A /* Styles */,
				880DCC2E2B70541600CF56ED /* Utilities */,
				880F34EA2B71679B00D6C789 /* Services */,
				88D9F0BA2B754E3B006E7133 /* Repository */,
				8898F5412B6DEC6500C3C86A /* Localizable.xcstrings */,
				8844737D2B6D9944001E347A /* Assets.xcassets */,
				880DCC2C2B7053C100CF56ED /* GoogleService-Info.plist */,
				8844737F2B6D9944001E347A /* TooBudget.entitlements */,
				884473802B6D9944001E347A /* Preview Content */,
			);
			path = TooBudget;
			sourceTree = "<group>";
		};
		884473802B6D9944001E347A /* Preview Content */ = {
			isa = PBXGroup;
			children = (
				884473812B6D9944001E347A /* Preview Assets.xcassets */,
			);
			path = "Preview Content";
			sourceTree = "<group>";
		};
		884473882B6D9DB4001E347A /* View */ = {
			isa = PBXGroup;
			children = (
				8898F5052B6DBF3A00C3C86A /* LandingView.swift */,
				8898F50B2B6DBF6200C3C86A /* HomeView.swift */,
				884473892B6D9DBD001E347A /* Launch Screen.storyboard */,
				88C842EE2B6E8A90009BB0BE /* SignInView.swift */,
				88C843132B700D31009BB0BE /* SignUpView.swift */,
				88C843152B700D40009BB0BE /* ForgotView.swift */,
				88D9F0BD2B75916C006E7133 /* BudgetView.swift */,
			);
			path = View;
			sourceTree = "<group>";
		};
		8898F4FD2B6DBAD000C3C86A /* ViewModel */ = {
			isa = PBXGroup;
			children = (
				8898F5072B6DBF4800C3C86A /* LandingViewModel.swift */,
				8898F50D2B6DBF7000C3C86A /* HomeViewModel.swift */,
				88C842F02B6E8AA2009BB0BE /* SignInViewModel.swift */,
				88C843112B700D1C009BB0BE /* SignUpViewModel.swift */,
				88C843172B700D55009BB0BE /* ForgotViewModel.swift */,
				88D9F0BF2B759C5F006E7133 /* BudgetViewModel.swift */,
			);
			path = ViewModel;
			sourceTree = "<group>";
		};
		8898F4FE2B6DBADC00C3C86A /* Coordinator */ = {
			isa = PBXGroup;
			children = (
				8898F5092B6DBF5400C3C86A /* LandingCoordinator.swift */,
				8898F50F2B6DBF7A00C3C86A /* HomeCoordinator.swift */,
				88D9F0C12B759C70006E7133 /* BudgetCoordinator.swift */,
			);
			path = Coordinator;
			sourceTree = "<group>";
		};
		8898F5012B6DBE9300C3C86A /* Model */ = {
			isa = PBXGroup;
			children = (
				880F34F52B73730900D6C789 /* UserModel.swift */,
				88D9F0732B740C49006E7133 /* BudgetModel.swift */,
			);
			path = Model;
			sourceTree = "<group>";
		};
		8898F5022B6DBE9800C3C86A /* Enumerations */ = {
			isa = PBXGroup;
			children = (
				8898F5032B6DBEC500C3C86A /* Views.swift */,
				880F34F72B7374B700D6C789 /* SignUpType.swift */,
				88D9F0752B740CE4006E7133 /* BudgetType.swift */,
				88D9F06F2B73F322006E7133 /* DataSeviceError.swift */,
			);
			path = Enumerations;
			sourceTree = "<group>";
		};
		8898F5112B6DC02700C3C86A /* Protocols */ = {
			isa = PBXGroup;
			children = (
				8898F5122B6DC03B00C3C86A /* ViewModelProtocol.swift */,
				8898F5142B6DC04300C3C86A /* CoordinatorProtocol.swift */,
				880F34ED2B7167C700D6C789 /* FirebaseServiceProtocol.swift */,
				88D9F0712B73F33E006E7133 /* TooBudgetDataBaseProtocol.swift */,
			);
			path = Protocols;
			sourceTree = "<group>";
		};
		8898F51B2B6DCC7600C3C86A /* TooBudgetTests */ = {
			isa = PBXGroup;
			children = (
				8898F51C2B6DCC7600C3C86A /* TooBudgetTests.swift */,
			);
			path = TooBudgetTests;
			sourceTree = "<group>";
		};
		8898F5282B6DCCBD00C3C86A /* TooBudgetUITests */ = {
			isa = PBXGroup;
			children = (
				8898F5292B6DCCBD00C3C86A /* TooBudgetUITests.swift */,
				8898F52B2B6DCCBD00C3C86A /* TooBudgetUITestsLaunchTests.swift */,
			);
			path = TooBudgetUITests;
			sourceTree = "<group>";
		};
		8898F5322B6DDF1A00C3C86A /* UI Components */ = {
			isa = PBXGroup;
			children = (
				8898F5332B6DDFB600C3C86A /* ImageSliderView.swift */,
				880F34E82B705B0400D6C789 /* ActivityIndicatorView.swift */,
				8898F5382B6DE19900C3C86A /* TitleAndSubtitleView.swift */,
				8898F5452B6DEEEC00C3C86A /* SocialMediaAccesView.swift */,
				8898F5492B6DEFE900C3C86A /* VersionBuildView.swift */,
				88C842F22B6E8CAC009BB0BE /* CloseButtonView.swift */,
				88C843192B702863009BB0BE /* HaveAccountView.swift */,
				880F34F12B723F9800D6C789 /* ToastView.swift */,
			);
			path = "UI Components";
			sourceTree = "<group>";
		};
		8898F5352B6DE0CF00C3C86A /* Constants */ = {
			isa = PBXGroup;
			children = (
				8898F5362B6DE0E300C3C86A /* Constants.swift */,
			);
			path = Constants;
			sourceTree = "<group>";
		};
		8898F53A2B6DE1DC00C3C86A /* Styles */ = {
			isa = PBXGroup;
			children = (
				8898F53F2B6DE32400C3C86A /* TextStyles.swift */,
				8898F53B2B6DE24D00C3C86A /* TextFieldStyles.swift */,
				8898F53D2B6DE2B600C3C86A /* GroupTextFieldStyle.swift */,
				8898F5432B6DEE2F00C3C86A /* ButtonStyles.swift */,
				8898F5472B6DEF7B00C3C86A /* ShapeStyles.swift */,
				88C842F42B6F2B30009BB0BE /* ToggleStyles.swift */,
				880F34F32B7240C900D6C789 /* TipStyles.swift */,
			);
			path = Styles;
			sourceTree = "<group>";
		};
		88D9F0BA2B754E3B006E7133 /* Repository */ = {
			isa = PBXGroup;
			children = (
				88D9F0BB2B755039006E7133 /* UserRepository.swift */,
			);
			path = Repository;
			sourceTree = "<group>";
		};
/* End PBXGroup section */

/* Begin PBXNativeTarget section */
		884473752B6D9943001E347A /* TooBudget */ = {
			isa = PBXNativeTarget;
			buildConfigurationList = 884473852B6D9944001E347A /* Build configuration list for PBXNativeTarget "TooBudget" */;
			buildPhases = (
				884473722B6D9943001E347A /* Sources */,
				884473732B6D9943001E347A /* Frameworks */,
				884473742B6D9943001E347A /* Resources */,
			);
			buildRules = (
			);
			dependencies = (
			);
			name = TooBudget;
			packageProductDependencies = (
				880DCC262B7051DB00CF56ED /* FirebaseAnalytics */,
				880DCC282B7051DB00CF56ED /* FirebaseAuth */,
				880DCC2A2B7051DB00CF56ED /* FirebaseCrashlytics */,
			);
			productName = TooBudget;
			productReference = 884473762B6D9943001E347A /* TooBudget.app */;
			productType = "com.apple.product-type.application";
		};
		8898F5192B6DCC7600C3C86A /* TooBudgetTests */ = {
			isa = PBXNativeTarget;
			buildConfigurationList = 8898F5202B6DCC7600C3C86A /* Build configuration list for PBXNativeTarget "TooBudgetTests" */;
			buildPhases = (
				8898F5162B6DCC7600C3C86A /* Sources */,
				8898F5172B6DCC7600C3C86A /* Frameworks */,
				8898F5182B6DCC7600C3C86A /* Resources */,
			);
			buildRules = (
			);
			dependencies = (
				8898F51F2B6DCC7600C3C86A /* PBXTargetDependency */,
			);
			name = TooBudgetTests;
			productName = TooBudgetTests;
			productReference = 8898F51A2B6DCC7600C3C86A /* TooBudgetTests.xctest */;
			productType = "com.apple.product-type.bundle.unit-test";
		};
		8898F5262B6DCCBD00C3C86A /* TooBudgetUITests */ = {
			isa = PBXNativeTarget;
			buildConfigurationList = 8898F52F2B6DCCBD00C3C86A /* Build configuration list for PBXNativeTarget "TooBudgetUITests" */;
			buildPhases = (
				8898F5232B6DCCBD00C3C86A /* Sources */,
				8898F5242B6DCCBD00C3C86A /* Frameworks */,
				8898F5252B6DCCBD00C3C86A /* Resources */,
			);
			buildRules = (
			);
			dependencies = (
				8898F52E2B6DCCBD00C3C86A /* PBXTargetDependency */,
			);
			name = TooBudgetUITests;
			productName = TooBudgetUITests;
			productReference = 8898F5272B6DCCBD00C3C86A /* TooBudgetUITests.xctest */;
			productType = "com.apple.product-type.bundle.ui-testing";
		};
/* End PBXNativeTarget section */

/* Begin PBXProject section */
		8844736E2B6D9943001E347A /* Project object */ = {
			isa = PBXProject;
			attributes = {
				BuildIndependentTargetsInParallel = 1;
				LastSwiftUpdateCheck = 1520;
				LastUpgradeCheck = 1520;
				TargetAttributes = {
					884473752B6D9943001E347A = {
						CreatedOnToolsVersion = 15.2;
					};
					8898F5192B6DCC7600C3C86A = {
						CreatedOnToolsVersion = 15.2;
						TestTargetID = 884473752B6D9943001E347A;
					};
					8898F5262B6DCCBD00C3C86A = {
						CreatedOnToolsVersion = 15.2;
						TestTargetID = 884473752B6D9943001E347A;
					};
				};
			};
			buildConfigurationList = 884473712B6D9943001E347A /* Build configuration list for PBXProject "TooBudget" */;
			compatibilityVersion = "Xcode 14.0";
			developmentRegion = en;
			hasScannedForEncodings = 0;
			knownRegions = (
				en,
				Base,
			);
			mainGroup = 8844736D2B6D9943001E347A;
			packageReferences = (
				880DCC252B7051DB00CF56ED /* XCRemoteSwiftPackageReference "firebase-ios-sdk" */,
			);
			productRefGroup = 884473772B6D9943001E347A /* Products */;
			projectDirPath = "";
			projectRoot = "";
			targets = (
				884473752B6D9943001E347A /* TooBudget */,
				8898F5192B6DCC7600C3C86A /* TooBudgetTests */,
				8898F5262B6DCCBD00C3C86A /* TooBudgetUITests */,
			);
		};
/* End PBXProject section */

/* Begin PBXResourcesBuildPhase section */
		884473742B6D9943001E347A /* Resources */ = {
			isa = PBXResourcesBuildPhase;
			buildActionMask = 2147483647;
			files = (
				8844738A2B6D9DBD001E347A /* Launch Screen.storyboard in Resources */,
				884473822B6D9944001E347A /* Preview Assets.xcassets in Resources */,
				880DCC2D2B7053C100CF56ED /* GoogleService-Info.plist in Resources */,
				8898F5422B6DEC6500C3C86A /* Localizable.xcstrings in Resources */,
				8844737E2B6D9944001E347A /* Assets.xcassets in Resources */,
			);
			runOnlyForDeploymentPostprocessing = 0;
		};
		8898F5182B6DCC7600C3C86A /* Resources */ = {
			isa = PBXResourcesBuildPhase;
			buildActionMask = 2147483647;
			files = (
			);
			runOnlyForDeploymentPostprocessing = 0;
		};
		8898F5252B6DCCBD00C3C86A /* Resources */ = {
			isa = PBXResourcesBuildPhase;
			buildActionMask = 2147483647;
			files = (
			);
			runOnlyForDeploymentPostprocessing = 0;
		};
/* End PBXResourcesBuildPhase section */

/* Begin PBXSourcesBuildPhase section */
		884473722B6D9943001E347A /* Sources */ = {
			isa = PBXSourcesBuildPhase;
			buildActionMask = 2147483647;
			files = (
				880F34F82B7374B700D6C789 /* SignUpType.swift in Sources */,
				8898F50A2B6DBF5400C3C86A /* LandingCoordinator.swift in Sources */,
				8898F53C2B6DE24D00C3C86A /* TextFieldStyles.swift in Sources */,
				8898F5442B6DEE2F00C3C86A /* ButtonStyles.swift in Sources */,
				88D9F0C22B759C70006E7133 /* BudgetCoordinator.swift in Sources */,
				8898F5402B6DE32400C3C86A /* TextStyles.swift in Sources */,
				88C842F12B6E8AA2009BB0BE /* SignInViewModel.swift in Sources */,
				88C842F32B6E8CAC009BB0BE /* CloseButtonView.swift in Sources */,
				880F34E92B705B0400D6C789 /* ActivityIndicatorView.swift in Sources */,
				8898F50C2B6DBF6200C3C86A /* HomeView.swift in Sources */,
				8898F5102B6DBF7A00C3C86A /* HomeCoordinator.swift in Sources */,
				880F34EE2B7167C700D6C789 /* FirebaseServiceProtocol.swift in Sources */,
				8898F5062B6DBF3A00C3C86A /* LandingView.swift in Sources */,
				8898F5392B6DE19900C3C86A /* TitleAndSubtitleView.swift in Sources */,
				880F34F22B723F9800D6C789 /* ToastView.swift in Sources */,
				880DCC302B70546200CF56ED /* Validations.swift in Sources */,
				880F34EC2B7167B600D6C789 /* FirebaseService.swift in Sources */,
				8898F50E2B6DBF7000C3C86A /* HomeViewModel.swift in Sources */,
				88D9F0722B73F33E006E7133 /* TooBudgetDataBaseProtocol.swift in Sources */,
				88D9F06E2B73F2AD006E7133 /* DataService.swift in Sources */,
				8898F5082B6DBF4800C3C86A /* LandingViewModel.swift in Sources */,
				88D9F0702B73F322006E7133 /* DataSeviceError.swift in Sources */,
				88D9F0BE2B75916C006E7133 /* BudgetView.swift in Sources */,
				8898F5152B6DC04300C3C86A /* CoordinatorProtocol.swift in Sources */,
				8898F5462B6DEEEC00C3C86A /* SocialMediaAccesView.swift in Sources */,
				88C843122B700D1C009BB0BE /* SignUpViewModel.swift in Sources */,
				8898F5372B6DE0E300C3C86A /* Constants.swift in Sources */,
				88C843162B700D40009BB0BE /* ForgotView.swift in Sources */,
				88C843142B700D31009BB0BE /* SignUpView.swift in Sources */,
				88C8431A2B702863009BB0BE /* HaveAccountView.swift in Sources */,
				88C842F52B6F2B30009BB0BE /* ToggleStyles.swift in Sources */,
				88C843182B700D55009BB0BE /* ForgotViewModel.swift in Sources */,
				880F34F42B7240C900D6C789 /* TipStyles.swift in Sources */,
				8898F5482B6DEF7B00C3C86A /* ShapeStyles.swift in Sources */,
				880DCC242B7050EC00CF56ED /* AppDelegate.swift in Sources */,
				8898F5132B6DC03B00C3C86A /* ViewModelProtocol.swift in Sources */,
				8898F53E2B6DE2B600C3C86A /* GroupTextFieldStyle.swift in Sources */,
				8898F5002B6DBDF300C3C86A /* AppCoordinator.swift in Sources */,
				88D9F0BC2B755039006E7133 /* UserRepository.swift in Sources */,
				8898F5342B6DDFB600C3C86A /* ImageSliderView.swift in Sources */,
				88D9F0C02B759C5F006E7133 /* BudgetViewModel.swift in Sources */,
				8844737A2B6D9943001E347A /* TooBudgetApp.swift in Sources */,
				880F34F62B73730900D6C789 /* UserModel.swift in Sources */,
				8898F54A2B6DEFE900C3C86A /* VersionBuildView.swift in Sources */,
				88D9F0742B740C49006E7133 /* BudgetModel.swift in Sources */,
				88C842EF2B6E8A90009BB0BE /* SignInView.swift in Sources */,
				88D9F0762B740CE4006E7133 /* BudgetType.swift in Sources */,
				880F34FA2B73767600D6C789 /* Utilities.swift in Sources */,
				8898F5042B6DBEC500C3C86A /* Views.swift in Sources */,
			);
			runOnlyForDeploymentPostprocessing = 0;
		};
		8898F5162B6DCC7600C3C86A /* Sources */ = {
			isa = PBXSourcesBuildPhase;
			buildActionMask = 2147483647;
			files = (
				8898F51D2B6DCC7600C3C86A /* TooBudgetTests.swift in Sources */,
			);
			runOnlyForDeploymentPostprocessing = 0;
		};
		8898F5232B6DCCBD00C3C86A /* Sources */ = {
			isa = PBXSourcesBuildPhase;
			buildActionMask = 2147483647;
			files = (
				8898F52C2B6DCCBD00C3C86A /* TooBudgetUITestsLaunchTests.swift in Sources */,
				8898F52A2B6DCCBD00C3C86A /* TooBudgetUITests.swift in Sources */,
			);
			runOnlyForDeploymentPostprocessing = 0;
		};
/* End PBXSourcesBuildPhase section */

/* Begin PBXTargetDependency section */
		8898F51F2B6DCC7600C3C86A /* PBXTargetDependency */ = {
			isa = PBXTargetDependency;
			target = 884473752B6D9943001E347A /* TooBudget */;
			targetProxy = 8898F51E2B6DCC7600C3C86A /* PBXContainerItemProxy */;
		};
		8898F52E2B6DCCBD00C3C86A /* PBXTargetDependency */ = {
			isa = PBXTargetDependency;
			target = 884473752B6D9943001E347A /* TooBudget */;
			targetProxy = 8898F52D2B6DCCBD00C3C86A /* PBXContainerItemProxy */;
		};
/* End PBXTargetDependency section */

/* Begin XCBuildConfiguration section */
		884473832B6D9944001E347A /* Debug */ = {
			isa = XCBuildConfiguration;
			buildSettings = {
				ALWAYS_SEARCH_USER_PATHS = NO;
				ASSETCATALOG_COMPILER_GENERATE_SWIFT_ASSET_SYMBOL_EXTENSIONS = YES;
				CLANG_ANALYZER_NONNULL = YES;
				CLANG_ANALYZER_NUMBER_OBJECT_CONVERSION = YES_AGGRESSIVE;
				CLANG_CXX_LANGUAGE_STANDARD = "gnu++20";
				CLANG_ENABLE_MODULES = YES;
				CLANG_ENABLE_OBJC_ARC = YES;
				CLANG_ENABLE_OBJC_WEAK = YES;
				CLANG_WARN_BLOCK_CAPTURE_AUTORELEASING = YES;
				CLANG_WARN_BOOL_CONVERSION = YES;
				CLANG_WARN_COMMA = YES;
				CLANG_WARN_CONSTANT_CONVERSION = YES;
				CLANG_WARN_DEPRECATED_OBJC_IMPLEMENTATIONS = YES;
				CLANG_WARN_DIRECT_OBJC_ISA_USAGE = YES_ERROR;
				CLANG_WARN_DOCUMENTATION_COMMENTS = YES;
				CLANG_WARN_EMPTY_BODY = YES;
				CLANG_WARN_ENUM_CONVERSION = YES;
				CLANG_WARN_INFINITE_RECURSION = YES;
				CLANG_WARN_INT_CONVERSION = YES;
				CLANG_WARN_NON_LITERAL_NULL_CONVERSION = YES;
				CLANG_WARN_OBJC_IMPLICIT_RETAIN_SELF = YES;
				CLANG_WARN_OBJC_LITERAL_CONVERSION = YES;
				CLANG_WARN_OBJC_ROOT_CLASS = YES_ERROR;
				CLANG_WARN_QUOTED_INCLUDE_IN_FRAMEWORK_HEADER = YES;
				CLANG_WARN_RANGE_LOOP_ANALYSIS = YES;
				CLANG_WARN_STRICT_PROTOTYPES = YES;
				CLANG_WARN_SUSPICIOUS_MOVE = YES;
				CLANG_WARN_UNGUARDED_AVAILABILITY = YES_AGGRESSIVE;
				CLANG_WARN_UNREACHABLE_CODE = YES;
				CLANG_WARN__DUPLICATE_METHOD_MATCH = YES;
				COPY_PHASE_STRIP = NO;
				DEBUG_INFORMATION_FORMAT = dwarf;
				ENABLE_STRICT_OBJC_MSGSEND = YES;
				ENABLE_TESTABILITY = YES;
				ENABLE_USER_SCRIPT_SANDBOXING = YES;
				GCC_C_LANGUAGE_STANDARD = gnu17;
				GCC_DYNAMIC_NO_PIC = NO;
				GCC_NO_COMMON_BLOCKS = YES;
				GCC_OPTIMIZATION_LEVEL = 0;
				GCC_PREPROCESSOR_DEFINITIONS = (
					"DEBUG=1",
					"$(inherited)",
				);
				GCC_WARN_64_TO_32_BIT_CONVERSION = YES;
				GCC_WARN_ABOUT_RETURN_TYPE = YES_ERROR;
				GCC_WARN_UNDECLARED_SELECTOR = YES;
				GCC_WARN_UNINITIALIZED_AUTOS = YES_AGGRESSIVE;
				GCC_WARN_UNUSED_FUNCTION = YES;
				GCC_WARN_UNUSED_VARIABLE = YES;
				LOCALIZATION_PREFERS_STRING_CATALOGS = YES;
				MTL_ENABLE_DEBUG_INFO = INCLUDE_SOURCE;
				MTL_FAST_MATH = YES;
				ONLY_ACTIVE_ARCH = YES;
				SWIFT_ACTIVE_COMPILATION_CONDITIONS = "DEBUG $(inherited)";
				SWIFT_OPTIMIZATION_LEVEL = "-Onone";
			};
			name = Debug;
		};
		884473842B6D9944001E347A /* Release */ = {
			isa = XCBuildConfiguration;
			buildSettings = {
				ALWAYS_SEARCH_USER_PATHS = NO;
				ASSETCATALOG_COMPILER_GENERATE_SWIFT_ASSET_SYMBOL_EXTENSIONS = YES;
				CLANG_ANALYZER_NONNULL = YES;
				CLANG_ANALYZER_NUMBER_OBJECT_CONVERSION = YES_AGGRESSIVE;
				CLANG_CXX_LANGUAGE_STANDARD = "gnu++20";
				CLANG_ENABLE_MODULES = YES;
				CLANG_ENABLE_OBJC_ARC = YES;
				CLANG_ENABLE_OBJC_WEAK = YES;
				CLANG_WARN_BLOCK_CAPTURE_AUTORELEASING = YES;
				CLANG_WARN_BOOL_CONVERSION = YES;
				CLANG_WARN_COMMA = YES;
				CLANG_WARN_CONSTANT_CONVERSION = YES;
				CLANG_WARN_DEPRECATED_OBJC_IMPLEMENTATIONS = YES;
				CLANG_WARN_DIRECT_OBJC_ISA_USAGE = YES_ERROR;
				CLANG_WARN_DOCUMENTATION_COMMENTS = YES;
				CLANG_WARN_EMPTY_BODY = YES;
				CLANG_WARN_ENUM_CONVERSION = YES;
				CLANG_WARN_INFINITE_RECURSION = YES;
				CLANG_WARN_INT_CONVERSION = YES;
				CLANG_WARN_NON_LITERAL_NULL_CONVERSION = YES;
				CLANG_WARN_OBJC_IMPLICIT_RETAIN_SELF = YES;
				CLANG_WARN_OBJC_LITERAL_CONVERSION = YES;
				CLANG_WARN_OBJC_ROOT_CLASS = YES_ERROR;
				CLANG_WARN_QUOTED_INCLUDE_IN_FRAMEWORK_HEADER = YES;
				CLANG_WARN_RANGE_LOOP_ANALYSIS = YES;
				CLANG_WARN_STRICT_PROTOTYPES = YES;
				CLANG_WARN_SUSPICIOUS_MOVE = YES;
				CLANG_WARN_UNGUARDED_AVAILABILITY = YES_AGGRESSIVE;
				CLANG_WARN_UNREACHABLE_CODE = YES;
				CLANG_WARN__DUPLICATE_METHOD_MATCH = YES;
				COPY_PHASE_STRIP = NO;
				DEBUG_INFORMATION_FORMAT = "dwarf-with-dsym";
				ENABLE_NS_ASSERTIONS = NO;
				ENABLE_STRICT_OBJC_MSGSEND = YES;
				ENABLE_USER_SCRIPT_SANDBOXING = YES;
				GCC_C_LANGUAGE_STANDARD = gnu17;
				GCC_NO_COMMON_BLOCKS = YES;
				GCC_WARN_64_TO_32_BIT_CONVERSION = YES;
				GCC_WARN_ABOUT_RETURN_TYPE = YES_ERROR;
				GCC_WARN_UNDECLARED_SELECTOR = YES;
				GCC_WARN_UNINITIALIZED_AUTOS = YES_AGGRESSIVE;
				GCC_WARN_UNUSED_FUNCTION = YES;
				GCC_WARN_UNUSED_VARIABLE = YES;
				LOCALIZATION_PREFERS_STRING_CATALOGS = YES;
				MTL_ENABLE_DEBUG_INFO = NO;
				MTL_FAST_MATH = YES;
				SWIFT_COMPILATION_MODE = wholemodule;
			};
			name = Release;
		};
		884473862B6D9944001E347A /* Debug */ = {
			isa = XCBuildConfiguration;
			buildSettings = {
				ASSETCATALOG_COMPILER_APPICON_NAME = AppIcon;
				ASSETCATALOG_COMPILER_GLOBAL_ACCENT_COLOR_NAME = AccentColor;
				CODE_SIGN_ENTITLEMENTS = TooBudget/TooBudget.entitlements;
				"CODE_SIGN_IDENTITY[sdk=macosx*]" = "Mac Developer";
				CODE_SIGN_STYLE = Manual;
				CURRENT_PROJECT_VERSION = 9;
				DEVELOPMENT_ASSET_PATHS = "\"TooBudget/Preview Content\"";
				DEVELOPMENT_TEAM = "";
				"DEVELOPMENT_TEAM[sdk=iphoneos*]" = 93XRVQ86R7;
				"DEVELOPMENT_TEAM[sdk=macosx*]" = 93XRVQ86R7;
				ENABLE_HARDENED_RUNTIME = YES;
				ENABLE_PREVIEWS = YES;
				GENERATE_INFOPLIST_FILE = YES;
				INFOPLIST_FILE = TooBudget/Info.plist;
				INFOPLIST_KEY_CFBundleDisplayName = "TooBudget+";
				INFOPLIST_KEY_LSApplicationCategoryType = "public.app-category.finance";
				"INFOPLIST_KEY_UIApplicationSceneManifest_Generation[sdk=iphoneos*]" = YES;
				"INFOPLIST_KEY_UIApplicationSceneManifest_Generation[sdk=iphonesimulator*]" = YES;
				"INFOPLIST_KEY_UIApplicationSupportsIndirectInputEvents[sdk=iphoneos*]" = YES;
				"INFOPLIST_KEY_UIApplicationSupportsIndirectInputEvents[sdk=iphonesimulator*]" = YES;
				"INFOPLIST_KEY_UILaunchScreen_Generation[sdk=iphoneos*]" = YES;
				"INFOPLIST_KEY_UILaunchScreen_Generation[sdk=iphonesimulator*]" = YES;
				INFOPLIST_KEY_UILaunchStoryboardName = "Launch Screen.storyboard";
				INFOPLIST_KEY_UIStatusBarHidden = YES;
				"INFOPLIST_KEY_UIStatusBarStyle[sdk=iphoneos*]" = UIStatusBarStyleDefault;
				"INFOPLIST_KEY_UIStatusBarStyle[sdk=iphonesimulator*]" = UIStatusBarStyleDefault;
				INFOPLIST_KEY_UISupportedInterfaceOrientations = UIInterfaceOrientationPortrait;
				INFOPLIST_KEY_UISupportedInterfaceOrientations_iPad = "UIInterfaceOrientationLandscapeLeft UIInterfaceOrientationLandscapeRight UIInterfaceOrientationPortrait UIInterfaceOrientationPortraitUpsideDown";
				IPHONEOS_DEPLOYMENT_TARGET = 17.2;
				LD_RUNPATH_SEARCH_PATHS = "@executable_path/Frameworks";
				"LD_RUNPATH_SEARCH_PATHS[sdk=macosx*]" = "@executable_path/../Frameworks";
				MACOSX_DEPLOYMENT_TARGET = 14.2;
				MARKETING_VERSION = 1.0;
				PRODUCT_BUNDLE_IDENTIFIER = com.jorgepaiz.toobudget;
				PRODUCT_NAME = "$(TARGET_NAME)";
				PROVISIONING_PROFILE_SPECIFIER = "";
				"PROVISIONING_PROFILE_SPECIFIER[sdk=iphoneos*]" = "TooBudget - Dev";
				"PROVISIONING_PROFILE_SPECIFIER[sdk=macosx*]" = "TooBudget Mac - Dev";
				SDKROOT = auto;
				SUPPORTED_PLATFORMS = "iphoneos iphonesimulator macosx";
				SWIFT_EMIT_LOC_STRINGS = YES;
				SWIFT_VERSION = 5.0;
				TARGETED_DEVICE_FAMILY = "1,2";
			};
			name = Debug;
		};
		884473872B6D9944001E347A /* Release */ = {
			isa = XCBuildConfiguration;
			buildSettings = {
				ASSETCATALOG_COMPILER_APPICON_NAME = AppIcon;
				ASSETCATALOG_COMPILER_GLOBAL_ACCENT_COLOR_NAME = AccentColor;
				CODE_SIGN_ENTITLEMENTS = TooBudget/TooBudget.entitlements;
				"CODE_SIGN_IDENTITY[sdk=iphoneos*]" = "iPhone Distribution";
				"CODE_SIGN_IDENTITY[sdk=macosx*]" = "3rd Party Mac Developer Application";
				CODE_SIGN_STYLE = Manual;
				CURRENT_PROJECT_VERSION = 9;
				DEVELOPMENT_ASSET_PATHS = "\"TooBudget/Preview Content\"";
				DEVELOPMENT_TEAM = "";
				"DEVELOPMENT_TEAM[sdk=iphoneos*]" = 93XRVQ86R7;
				"DEVELOPMENT_TEAM[sdk=macosx*]" = 93XRVQ86R7;
				ENABLE_HARDENED_RUNTIME = YES;
				ENABLE_PREVIEWS = YES;
				GENERATE_INFOPLIST_FILE = YES;
				INFOPLIST_FILE = TooBudget/Info.plist;
				INFOPLIST_KEY_CFBundleDisplayName = "TooBudget+";
				INFOPLIST_KEY_LSApplicationCategoryType = "public.app-category.finance";
				"INFOPLIST_KEY_UIApplicationSceneManifest_Generation[sdk=iphoneos*]" = YES;
				"INFOPLIST_KEY_UIApplicationSceneManifest_Generation[sdk=iphonesimulator*]" = YES;
				"INFOPLIST_KEY_UIApplicationSupportsIndirectInputEvents[sdk=iphoneos*]" = YES;
				"INFOPLIST_KEY_UIApplicationSupportsIndirectInputEvents[sdk=iphonesimulator*]" = YES;
				"INFOPLIST_KEY_UILaunchScreen_Generation[sdk=iphoneos*]" = YES;
				"INFOPLIST_KEY_UILaunchScreen_Generation[sdk=iphonesimulator*]" = YES;
				INFOPLIST_KEY_UILaunchStoryboardName = "Launch Screen.storyboard";
				INFOPLIST_KEY_UIStatusBarHidden = YES;
				"INFOPLIST_KEY_UIStatusBarStyle[sdk=iphoneos*]" = UIStatusBarStyleDefault;
				"INFOPLIST_KEY_UIStatusBarStyle[sdk=iphonesimulator*]" = UIStatusBarStyleDefault;
				INFOPLIST_KEY_UISupportedInterfaceOrientations = UIInterfaceOrientationPortrait;
				INFOPLIST_KEY_UISupportedInterfaceOrientations_iPad = "UIInterfaceOrientationLandscapeLeft UIInterfaceOrientationLandscapeRight UIInterfaceOrientationPortrait UIInterfaceOrientationPortraitUpsideDown";
				IPHONEOS_DEPLOYMENT_TARGET = 17.2;
				LD_RUNPATH_SEARCH_PATHS = "@executable_path/Frameworks";
				"LD_RUNPATH_SEARCH_PATHS[sdk=macosx*]" = "@executable_path/../Frameworks";
				MACOSX_DEPLOYMENT_TARGET = 14.2;
				MARKETING_VERSION = 1.0;
				PRODUCT_BUNDLE_IDENTIFIER = com.jorgepaiz.toobudget;
				PRODUCT_NAME = "$(TARGET_NAME)";
				PROVISIONING_PROFILE_SPECIFIER = "";
				"PROVISIONING_PROFILE_SPECIFIER[sdk=iphoneos*]" = "TooBudget - AdHoc";
				"PROVISIONING_PROFILE_SPECIFIER[sdk=macosx*]" = "TooBudget Mac - Prod";
				SDKROOT = auto;
				SUPPORTED_PLATFORMS = "iphoneos iphonesimulator macosx";
				SWIFT_EMIT_LOC_STRINGS = YES;
				SWIFT_VERSION = 5.0;
				TARGETED_DEVICE_FAMILY = "1,2";
			};
			name = Release;
		};
		8898F5212B6DCC7600C3C86A /* Debug */ = {
			isa = XCBuildConfiguration;
			buildSettings = {
				BUNDLE_LOADER = "$(TEST_HOST)";
				CODE_SIGN_STYLE = Automatic;
				CURRENT_PROJECT_VERSION = 1;
				DEVELOPMENT_TEAM = 93XRVQ86R7;
				GENERATE_INFOPLIST_FILE = YES;
				IPHONEOS_DEPLOYMENT_TARGET = 17.2;
				MARKETING_VERSION = 1.0;
				PRODUCT_BUNDLE_IDENTIFIER = com.jorgepaiz.TooBudgetTests;
				PRODUCT_NAME = "$(TARGET_NAME)";
				SDKROOT = iphoneos;
				SWIFT_EMIT_LOC_STRINGS = NO;
				SWIFT_VERSION = 5.0;
				TARGETED_DEVICE_FAMILY = "1,2";
				TEST_HOST = "$(BUILT_PRODUCTS_DIR)/TooBudget.app/$(BUNDLE_EXECUTABLE_FOLDER_PATH)/TooBudget";
			};
			name = Debug;
		};
		8898F5222B6DCC7600C3C86A /* Release */ = {
			isa = XCBuildConfiguration;
			buildSettings = {
				BUNDLE_LOADER = "$(TEST_HOST)";
				CODE_SIGN_STYLE = Automatic;
				CURRENT_PROJECT_VERSION = 1;
				DEVELOPMENT_TEAM = 93XRVQ86R7;
				GENERATE_INFOPLIST_FILE = YES;
				IPHONEOS_DEPLOYMENT_TARGET = 17.2;
				MARKETING_VERSION = 1.0;
				PRODUCT_BUNDLE_IDENTIFIER = com.jorgepaiz.TooBudgetTests;
				PRODUCT_NAME = "$(TARGET_NAME)";
				SDKROOT = iphoneos;
				SWIFT_EMIT_LOC_STRINGS = NO;
				SWIFT_VERSION = 5.0;
				TARGETED_DEVICE_FAMILY = "1,2";
				TEST_HOST = "$(BUILT_PRODUCTS_DIR)/TooBudget.app/$(BUNDLE_EXECUTABLE_FOLDER_PATH)/TooBudget";
				VALIDATE_PRODUCT = YES;
			};
			name = Release;
		};
		8898F5302B6DCCBD00C3C86A /* Debug */ = {
			isa = XCBuildConfiguration;
			buildSettings = {
				CODE_SIGN_STYLE = Automatic;
				CURRENT_PROJECT_VERSION = 1;
				DEVELOPMENT_TEAM = 93XRVQ86R7;
				GENERATE_INFOPLIST_FILE = YES;
				IPHONEOS_DEPLOYMENT_TARGET = 17.2;
				MARKETING_VERSION = 1.0;
				PRODUCT_BUNDLE_IDENTIFIER = com.jorgepaiz.TooBudgetUITests;
				PRODUCT_NAME = "$(TARGET_NAME)";
				SDKROOT = iphoneos;
				SWIFT_EMIT_LOC_STRINGS = NO;
				SWIFT_VERSION = 5.0;
				TARGETED_DEVICE_FAMILY = "1,2";
				TEST_TARGET_NAME = TooBudget;
			};
			name = Debug;
		};
		8898F5312B6DCCBD00C3C86A /* Release */ = {
			isa = XCBuildConfiguration;
			buildSettings = {
				CODE_SIGN_STYLE = Automatic;
				CURRENT_PROJECT_VERSION = 1;
				DEVELOPMENT_TEAM = 93XRVQ86R7;
				GENERATE_INFOPLIST_FILE = YES;
				IPHONEOS_DEPLOYMENT_TARGET = 17.2;
				MARKETING_VERSION = 1.0;
				PRODUCT_BUNDLE_IDENTIFIER = com.jorgepaiz.TooBudgetUITests;
				PRODUCT_NAME = "$(TARGET_NAME)";
				SDKROOT = iphoneos;
				SWIFT_EMIT_LOC_STRINGS = NO;
				SWIFT_VERSION = 5.0;
				TARGETED_DEVICE_FAMILY = "1,2";
				TEST_TARGET_NAME = TooBudget;
				VALIDATE_PRODUCT = YES;
			};
			name = Release;
		};
/* End XCBuildConfiguration section */

/* Begin XCConfigurationList section */
		884473712B6D9943001E347A /* Build configuration list for PBXProject "TooBudget" */ = {
			isa = XCConfigurationList;
			buildConfigurations = (
				884473832B6D9944001E347A /* Debug */,
				884473842B6D9944001E347A /* Release */,
			);
			defaultConfigurationIsVisible = 0;
			defaultConfigurationName = Release;
		};
		884473852B6D9944001E347A /* Build configuration list for PBXNativeTarget "TooBudget" */ = {
			isa = XCConfigurationList;
			buildConfigurations = (
				884473862B6D9944001E347A /* Debug */,
				884473872B6D9944001E347A /* Release */,
			);
			defaultConfigurationIsVisible = 0;
			defaultConfigurationName = Release;
		};
		8898F5202B6DCC7600C3C86A /* Build configuration list for PBXNativeTarget "TooBudgetTests" */ = {
			isa = XCConfigurationList;
			buildConfigurations = (
				8898F5212B6DCC7600C3C86A /* Debug */,
				8898F5222B6DCC7600C3C86A /* Release */,
			);
			defaultConfigurationIsVisible = 0;
			defaultConfigurationName = Release;
		};
		8898F52F2B6DCCBD00C3C86A /* Build configuration list for PBXNativeTarget "TooBudgetUITests" */ = {
			isa = XCConfigurationList;
			buildConfigurations = (
				8898F5302B6DCCBD00C3C86A /* Debug */,
				8898F5312B6DCCBD00C3C86A /* Release */,
			);
			defaultConfigurationIsVisible = 0;
			defaultConfigurationName = Release;
		};
/* End XCConfigurationList section */

/* Begin XCRemoteSwiftPackageReference section */
		880DCC252B7051DB00CF56ED /* XCRemoteSwiftPackageReference "firebase-ios-sdk" */ = {
			isa = XCRemoteSwiftPackageReference;
			repositoryURL = "https://github.com/firebase/firebase-ios-sdk";
			requirement = {
				kind = upToNextMajorVersion;
				minimumVersion = 10.20.0;
			};
		};
/* End XCRemoteSwiftPackageReference section */

/* Begin XCSwiftPackageProductDependency section */
		880DCC262B7051DB00CF56ED /* FirebaseAnalytics */ = {
			isa = XCSwiftPackageProductDependency;
			package = 880DCC252B7051DB00CF56ED /* XCRemoteSwiftPackageReference "firebase-ios-sdk" */;
			productName = FirebaseAnalytics;
		};
		880DCC282B7051DB00CF56ED /* FirebaseAuth */ = {
			isa = XCSwiftPackageProductDependency;
			package = 880DCC252B7051DB00CF56ED /* XCRemoteSwiftPackageReference "firebase-ios-sdk" */;
			productName = FirebaseAuth;
		};
		880DCC2A2B7051DB00CF56ED /* FirebaseCrashlytics */ = {
			isa = XCSwiftPackageProductDependency;
			package = 880DCC252B7051DB00CF56ED /* XCRemoteSwiftPackageReference "firebase-ios-sdk" */;
			productName = FirebaseCrashlytics;
		};
/* End XCSwiftPackageProductDependency section */
	};
	rootObject = 8844736E2B6D9943001E347A /* Project object */;
}
